
Microsoft Visual Studio Solution File, Format Version 12.00
# Visual Studio Version 16
VisualStudioVersion = 16.0.31129.286
MinimumVisualStudioVersion = 10.0.40219.1
Project("{FAE04EC0-301F-11D3-BF4B-00C04F79EFBC}") = "ExemploCookies", "ExemploCookies.csproj", "{32B03D31-B37B-4C15-B2DA-AF46A6972E4E}"
EndProject
Global
	GlobalSection(SolutionConfigurationPlatforms) = preSolution
		Debug|Any CPU = Debug|Any CPU
		Release|Any CPU = Release|Any CPU
	EndGlobalSection
	GlobalSection(ProjectConfigurationPlatforms) = postSolution
		{32B03D31-B37B-4C15-B2DA-AF46A6972E4E}.Debug|Any CPU.ActiveCfg = Debug|Any CPU
		{32B03D31-B37B-4C15-B2DA-AF46A6972E4E}.Debug|Any CPU.Build.0 = Debug|Any CPU
		{32B03D31-B37B-4C15-B2DA-AF46A6972E4E}.Release|Any CPU.ActiveCfg = Release|Any CPU
		{32B03D31-B37B-4C15-B2DA-AF46A6972E4E}.Release|Any CPU.Build.0 = Release|Any CPU
	EndGlobalSection
	GlobalSection(SolutionProperties) = preSolution
		HideSolutionNode = FALSE
	EndGlobalSection
	GlobalSection(ExtensibilityGlobals) = postSolution
		SolutionGuid = {9D33502C-08C5-4D0B-98D9-5D887856EC2F}
	EndGlobalSection
EndGlobal
