
Microsoft Visual Studio Solution File, Format Version 12.00
# Visual Studio Version 16
VisualStudioVersion = 16.0.31424.327
MinimumVisualStudioVersion = 10.0.40219.1
Project("{9A19103F-16F7-4668-BE54-9A1E7A4F7556}") = "TrabalhandoComArrays", "TrabalhandoComArrays.csproj", "{5B56CF81-D640-41E9-A29D-93A5D31D1717}"
EndProject
Project("{FAE04EC0-301F-11D3-BF4B-00C04F79EFBC}") = "ManipulacaoStrings", "..\ManipulacaoStrings\ManipulacaoStrings.csproj", "{2141335F-8CF9-46F6-BE25-1ED8490F1EDC}"
EndProject
Global
	GlobalSection(SolutionConfigurationPlatforms) = preSolution
		Debug|Any CPU = Debug|Any CPU
		Release|Any CPU = Release|Any CPU
	EndGlobalSection
	GlobalSection(ProjectConfigurationPlatforms) = postSolution
		{5B56CF81-D640-41E9-A29D-93A5D31D1717}.Debug|Any CPU.ActiveCfg = Debug|Any CPU
		{5B56CF81-D640-41E9-A29D-93A5D31D1717}.Debug|Any CPU.Build.0 = Debug|Any CPU
		{5B56CF81-D640-41E9-A29D-93A5D31D1717}.Release|Any CPU.ActiveCfg = Release|Any CPU
		{5B56CF81-D640-41E9-A29D-93A5D31D1717}.Release|Any CPU.Build.0 = Release|Any CPU
		{2141335F-8CF9-46F6-BE25-1ED8490F1EDC}.Debug|Any CPU.ActiveCfg = Debug|Any CPU
		{2141335F-8CF9-46F6-BE25-1ED8490F1EDC}.Debug|Any CPU.Build.0 = Debug|Any CPU
		{2141335F-8CF9-46F6-BE25-1ED8490F1EDC}.Release|Any CPU.ActiveCfg = Release|Any CPU
		{2141335F-8CF9-46F6-BE25-1ED8490F1EDC}.Release|Any CPU.Build.0 = Release|Any CPU
	EndGlobalSection
	GlobalSection(SolutionProperties) = preSolution
		HideSolutionNode = FALSE
	EndGlobalSection
	GlobalSection(ExtensibilityGlobals) = postSolution
		SolutionGuid = {4A564B75-49E5-4E01-8751-BB21105223E7}
	EndGlobalSection
EndGlobal
